
Microsoft Visual Studio Solution File, Format Version 12.00
# Visual Studio Version 17
VisualStudioVersion = 17.8.34309.116
MinimumVisualStudioVersion = 10.0.40219.1
Project("{FAE04EC0-301F-11D3-BF4B-00C04F79EFBC}") = "Trollhall", "Trollhall\Trollhall.csproj", "{4EF68636-EC6A-4329-A46E-EF051EFB0411}"
EndProject
Global
	GlobalSection(SolutionConfigurationPlatforms) = preSolution
		Debug|Any CPU = Debug|Any CPU
		Release|Any CPU = Release|Any CPU
	EndGlobalSection
	GlobalSection(ProjectConfigurationPlatforms) = postSolution
		{4EF68636-EC6A-4329-A46E-EF051EFB0411}.Debug|Any CPU.ActiveCfg = Debug|Any CPU
		{4EF68636-EC6A-4329-A46E-EF051EFB0411}.Debug|Any CPU.Build.0 = Debug|Any CPU
		{4EF68636-EC6A-4329-A46E-EF051EFB0411}.Release|Any CPU.ActiveCfg = Release|Any CPU
		{4EF68636-EC6A-4329-A46E-EF051EFB0411}.Release|Any CPU.Build.0 = Release|Any CPU
	EndGlobalSection
	GlobalSection(SolutionProperties) = preSolution
		HideSolutionNode = FALSE
	EndGlobalSection
	GlobalSection(ExtensibilityGlobals) = postSolution
		SolutionGuid = {58F7A0BD-654C-4044-A859-E2288991AD6E}
	EndGlobalSection
EndGlobal
